
Microsoft Visual Studio Solution File, Format Version 12.00
# Visual Studio Version 17
VisualStudioVersion = 17.14.36121.58 d17.14
MinimumVisualStudioVersion = 10.0.40219.1
Project("{FAE04EC0-301F-11D3-BF4B-00C04F79EFBC}") = "Online.Api", "Online.Api.csproj", "{0A3F8233-4B6F-4468-B0AA-6E040040B743}"
EndProject
Project("{FAE04EC0-301F-11D3-BF4B-00C04F79EFBC}") = "Online.Applications", "..\Online.Applications\Online.Applications.csproj", "{74E4BED1-5590-4840-A2F7-4B6725167344}"
EndProject
Project("{FAE04EC0-301F-11D3-BF4B-00C04F79EFBC}") = "Online.Infrastructure", "..\Online.Infrastructure\Online.Infrastructure.csproj", "{97094285-B08D-4105-A783-81F00F4E6F02}"
EndProject
Global
	GlobalSection(SolutionConfigurationPlatforms) = preSolution
		Debug|Any CPU = Debug|Any CPU
		Release|Any CPU = Release|Any CPU
	EndGlobalSection
	GlobalSection(ProjectConfigurationPlatforms) = postSolution
		{0A3F8233-4B6F-4468-B0AA-6E040040B743}.Debug|Any CPU.ActiveCfg = Debug|Any CPU
		{0A3F8233-4B6F-4468-B0AA-6E040040B743}.Debug|Any CPU.Build.0 = Debug|Any CPU
		{0A3F8233-4B6F-4468-B0AA-6E040040B743}.Release|Any CPU.ActiveCfg = Release|Any CPU
		{0A3F8233-4B6F-4468-B0AA-6E040040B743}.Release|Any CPU.Build.0 = Release|Any CPU
		{74E4BED1-5590-4840-A2F7-4B6725167344}.Debug|Any CPU.ActiveCfg = Debug|Any CPU
		{74E4BED1-5590-4840-A2F7-4B6725167344}.Debug|Any CPU.Build.0 = Debug|Any CPU
		{74E4BED1-5590-4840-A2F7-4B6725167344}.Release|Any CPU.ActiveCfg = Release|Any CPU
		{74E4BED1-5590-4840-A2F7-4B6725167344}.Release|Any CPU.Build.0 = Release|Any CPU
		{97094285-B08D-4105-A783-81F00F4E6F02}.Debug|Any CPU.ActiveCfg = Debug|Any CPU
		{97094285-B08D-4105-A783-81F00F4E6F02}.Debug|Any CPU.Build.0 = Debug|Any CPU
		{97094285-B08D-4105-A783-81F00F4E6F02}.Release|Any CPU.ActiveCfg = Release|Any CPU
		{97094285-B08D-4105-A783-81F00F4E6F02}.Release|Any CPU.Build.0 = Release|Any CPU
	EndGlobalSection
	GlobalSection(SolutionProperties) = preSolution
		HideSolutionNode = FALSE
	EndGlobalSection
	GlobalSection(ExtensibilityGlobals) = postSolution
		SolutionGuid = {C3CB9B77-9AA6-4DB4-B881-86A034DAA244}
	EndGlobalSection
EndGlobal
